
Microsoft Visual Studio Solution File, Format Version 12.00
# Visual Studio 15
VisualStudioVersion = 15.0.28010.2050
MinimumVisualStudioVersion = 10.0.40219.1
Project("{FAE04EC0-301F-11D3-BF4B-00C04F79EFBC}") = "Project7", "Project7\Project7.csproj", "{4A263433-A588-4D32-B20A-70391871F0CE}"
EndProject
Global
	GlobalSection(SolutionConfigurationPlatforms) = preSolution
		Debug|Any CPU = Debug|Any CPU
		Release|Any CPU = Release|Any CPU
	EndGlobalSection
	GlobalSection(ProjectConfigurationPlatforms) = postSolution
		{4A263433-A588-4D32-B20A-70391871F0CE}.Debug|Any CPU.ActiveCfg = Debug|Any CPU
		{4A263433-A588-4D32-B20A-70391871F0CE}.Debug|Any CPU.Build.0 = Debug|Any CPU
		{4A263433-A588-4D32-B20A-70391871F0CE}.Release|Any CPU.ActiveCfg = Release|Any CPU
		{4A263433-A588-4D32-B20A-70391871F0CE}.Release|Any CPU.Build.0 = Release|Any CPU
	EndGlobalSection
	GlobalSection(SolutionProperties) = preSolution
		HideSolutionNode = FALSE
	EndGlobalSection
	GlobalSection(ExtensibilityGlobals) = postSolution
		SolutionGuid = {D90F20E4-77BE-41F2-83C1-C602B45C6287}
	EndGlobalSection
EndGlobal
